
Microsoft Visual Studio Solution File, Format Version 12.00
# Visual Studio Version 16
VisualStudioVersion = 16.0.31702.278
MinimumVisualStudioVersion = 10.0.40219.1
Project("{FAE04EC0-301F-11D3-BF4B-00C04F79EFBC}") = "ConsoleApp4", "ConsoleApp4\ConsoleApp4.csproj", "{CAF5C7A0-C346-4764-8FE8-268624FE031B}"
EndProject
Global
	GlobalSection(SolutionConfigurationPlatforms) = preSolution
		Debug|Any CPU = Debug|Any CPU
		Release|Any CPU = Release|Any CPU
	EndGlobalSection
	GlobalSection(ProjectConfigurationPlatforms) = postSolution
		{CAF5C7A0-C346-4764-8FE8-268624FE031B}.Debug|Any CPU.ActiveCfg = Debug|Any CPU
		{CAF5C7A0-C346-4764-8FE8-268624FE031B}.Debug|Any CPU.Build.0 = Debug|Any CPU
		{CAF5C7A0-C346-4764-8FE8-268624FE031B}.Release|Any CPU.ActiveCfg = Release|Any CPU
		{CAF5C7A0-C346-4764-8FE8-268624FE031B}.Release|Any CPU.Build.0 = Release|Any CPU
	EndGlobalSection
	GlobalSection(SolutionProperties) = preSolution
		HideSolutionNode = FALSE
	EndGlobalSection
	GlobalSection(ExtensibilityGlobals) = postSolution
		SolutionGuid = {69AB81EC-3F0C-4881-888D-E874C2054D52}
	EndGlobalSection
EndGlobal
